
Microsoft Visual Studio Solution File, Format Version 12.00
# Visual Studio Version 17
VisualStudioVersion = 17.7.34031.279
MinimumVisualStudioVersion = 10.0.40219.1
Project("{FAE04EC0-301F-11D3-BF4B-00C04F79EFBC}") = "GenrericExample", "GenrericExample\GenrericExample.csproj", "{58B9B2D9-BBC8-46A4-8101-7E0E50E9777E}"
EndProject
Global
	GlobalSection(SolutionConfigurationPlatforms) = preSolution
		Debug|Any CPU = Debug|Any CPU
		Release|Any CPU = Release|Any CPU
	EndGlobalSection
	GlobalSection(ProjectConfigurationPlatforms) = postSolution
		{58B9B2D9-BBC8-46A4-8101-7E0E50E9777E}.Debug|Any CPU.ActiveCfg = Debug|Any CPU
		{58B9B2D9-BBC8-46A4-8101-7E0E50E9777E}.Debug|Any CPU.Build.0 = Debug|Any CPU
		{58B9B2D9-BBC8-46A4-8101-7E0E50E9777E}.Release|Any CPU.ActiveCfg = Release|Any CPU
		{58B9B2D9-BBC8-46A4-8101-7E0E50E9777E}.Release|Any CPU.Build.0 = Release|Any CPU
	EndGlobalSection
	GlobalSection(SolutionProperties) = preSolution
		HideSolutionNode = FALSE
	EndGlobalSection
	GlobalSection(ExtensibilityGlobals) = postSolution
		SolutionGuid = {52B95D0D-7243-45BD-87F1-D79DAA516D96}
	EndGlobalSection
EndGlobal
