
Microsoft Visual Studio Solution File, Format Version 12.00
# Visual Studio Version 17
VisualStudioVersion = 17.5.33530.505
MinimumVisualStudioVersion = 10.0.40219.1
Project("{FAE04EC0-301F-11D3-BF4B-00C04F79EFBC}") = "Notepad", "Notepad\Notepad.csproj", "{BD02130E-BC7F-4C49-9133-613306445CEF}"
EndProject
Global
	GlobalSection(SolutionConfigurationPlatforms) = preSolution
		Debug|Any CPU = Debug|Any CPU
		Release|Any CPU = Release|Any CPU
	EndGlobalSection
	GlobalSection(ProjectConfigurationPlatforms) = postSolution
		{BD02130E-BC7F-4C49-9133-613306445CEF}.Debug|Any CPU.ActiveCfg = Debug|Any CPU
		{BD02130E-BC7F-4C49-9133-613306445CEF}.Debug|Any CPU.Build.0 = Debug|Any CPU
		{BD02130E-BC7F-4C49-9133-613306445CEF}.Release|Any CPU.ActiveCfg = Release|Any CPU
		{BD02130E-BC7F-4C49-9133-613306445CEF}.Release|Any CPU.Build.0 = Release|Any CPU
	EndGlobalSection
	GlobalSection(SolutionProperties) = preSolution
		HideSolutionNode = FALSE
	EndGlobalSection
	GlobalSection(ExtensibilityGlobals) = postSolution
		SolutionGuid = {DF52710D-86FE-465F-9D95-49A3EB89D2F3}
	EndGlobalSection
EndGlobal
