
Microsoft Visual Studio Solution File, Format Version 12.00
# Visual Studio Version 17
VisualStudioVersion = 17.7.34024.191
MinimumVisualStudioVersion = 10.0.40219.1
Project("{FAE04EC0-301F-11D3-BF4B-00C04F79EFBC}") = "networkings", "networkings\networkings.csproj", "{A5FF61E3-CFC5-4B08-9A43-17217DDB1D40}"
EndProject
Global
	GlobalSection(SolutionConfigurationPlatforms) = preSolution
		Debug|Any CPU = Debug|Any CPU
		Release|Any CPU = Release|Any CPU
	EndGlobalSection
	GlobalSection(ProjectConfigurationPlatforms) = postSolution
		{A5FF61E3-CFC5-4B08-9A43-17217DDB1D40}.Debug|Any CPU.ActiveCfg = Debug|Any CPU
		{A5FF61E3-CFC5-4B08-9A43-17217DDB1D40}.Debug|Any CPU.Build.0 = Debug|Any CPU
		{A5FF61E3-CFC5-4B08-9A43-17217DDB1D40}.Release|Any CPU.ActiveCfg = Release|Any CPU
		{A5FF61E3-CFC5-4B08-9A43-17217DDB1D40}.Release|Any CPU.Build.0 = Release|Any CPU
	EndGlobalSection
	GlobalSection(SolutionProperties) = preSolution
		HideSolutionNode = FALSE
	EndGlobalSection
	GlobalSection(ExtensibilityGlobals) = postSolution
		SolutionGuid = {21D374AD-184E-4E69-9DC4-5B29AF975A3A}
	EndGlobalSection
EndGlobal
