
Microsoft Visual Studio Solution File, Format Version 12.00
# Visual Studio Version 17
VisualStudioVersion = 17.7.34031.279
MinimumVisualStudioVersion = 10.0.40219.1
Project("{FAE04EC0-301F-11D3-BF4B-00C04F79EFBC}") = "HardWareManageMent", "HardWareManageMent\HardWareManageMent.csproj", "{B0988D2D-AF62-4271-9D98-512C878BDBFC}"
EndProject
Global
	GlobalSection(SolutionConfigurationPlatforms) = preSolution
		Debug|Any CPU = Debug|Any CPU
		Release|Any CPU = Release|Any CPU
	EndGlobalSection
	GlobalSection(ProjectConfigurationPlatforms) = postSolution
		{B0988D2D-AF62-4271-9D98-512C878BDBFC}.Debug|Any CPU.ActiveCfg = Debug|Any CPU
		{B0988D2D-AF62-4271-9D98-512C878BDBFC}.Debug|Any CPU.Build.0 = Debug|Any CPU
		{B0988D2D-AF62-4271-9D98-512C878BDBFC}.Release|Any CPU.ActiveCfg = Release|Any CPU
		{B0988D2D-AF62-4271-9D98-512C878BDBFC}.Release|Any CPU.Build.0 = Release|Any CPU
	EndGlobalSection
	GlobalSection(SolutionProperties) = preSolution
		HideSolutionNode = FALSE
	EndGlobalSection
	GlobalSection(ExtensibilityGlobals) = postSolution
		SolutionGuid = {1AFA440B-8F59-4AE7-97D9-6BB442066CC4}
	EndGlobalSection
EndGlobal
