
Microsoft Visual Studio Solution File, Format Version 10.00
# Visual C# Express 2008
Project("{FAE04EC0-301F-11D3-BF4B-00C04F79EFBC}") = "MaxMinPerceptrons", "MaxMinPerceptrons\MaxMinPerceptrons.csproj", "{8BEEC937-EBAC-4DC9-BBD5-A35B6445CCF4}"
EndProject
Global
	GlobalSection(SolutionConfigurationPlatforms) = preSolution
		Debug|Any CPU = Debug|Any CPU
		Release|Any CPU = Release|Any CPU
	EndGlobalSection
	GlobalSection(ProjectConfigurationPlatforms) = postSolution
		{8BEEC937-EBAC-4DC9-BBD5-A35B6445CCF4}.Debug|Any CPU.ActiveCfg = Debug|Any CPU
		{8BEEC937-EBAC-4DC9-BBD5-A35B6445CCF4}.Debug|Any CPU.Build.0 = Debug|Any CPU
		{8BEEC937-EBAC-4DC9-BBD5-A35B6445CCF4}.Release|Any CPU.ActiveCfg = Release|Any CPU
		{8BEEC937-EBAC-4DC9-BBD5-A35B6445CCF4}.Release|Any CPU.Build.0 = Release|Any CPU
	EndGlobalSection
	GlobalSection(SolutionProperties) = preSolution
		HideSolutionNode = FALSE
	EndGlobalSection
EndGlobal
