
Microsoft Visual Studio Solution File, Format Version 12.00
# Visual Studio Version 17
VisualStudioVersion = 17.7.34031.279
MinimumVisualStudioVersion = 10.0.40219.1
Project("{FAE04EC0-301F-11D3-BF4B-00C04F79EFBC}") = "EmailDemo", "EmailDemo\EmailDemo.csproj", "{3B20FBBA-9AE2-4F0C-827C-222B6577ECEE}"
EndProject
Global
	GlobalSection(SolutionConfigurationPlatforms) = preSolution
		Debug|Any CPU = Debug|Any CPU
		Release|Any CPU = Release|Any CPU
	EndGlobalSection
	GlobalSection(ProjectConfigurationPlatforms) = postSolution
		{3B20FBBA-9AE2-4F0C-827C-222B6577ECEE}.Debug|Any CPU.ActiveCfg = Debug|Any CPU
		{3B20FBBA-9AE2-4F0C-827C-222B6577ECEE}.Debug|Any CPU.Build.0 = Debug|Any CPU
		{3B20FBBA-9AE2-4F0C-827C-222B6577ECEE}.Release|Any CPU.ActiveCfg = Release|Any CPU
		{3B20FBBA-9AE2-4F0C-827C-222B6577ECEE}.Release|Any CPU.Build.0 = Release|Any CPU
	EndGlobalSection
	GlobalSection(SolutionProperties) = preSolution
		HideSolutionNode = FALSE
	EndGlobalSection
	GlobalSection(ExtensibilityGlobals) = postSolution
		SolutionGuid = {A5E30010-C40C-4536-B3FC-DD1ED6276811}
	EndGlobalSection
EndGlobal
