
Microsoft Visual Studio Solution File, Format Version 12.00
# Visual Studio Version 17
VisualStudioVersion = 17.5.33530.505
MinimumVisualStudioVersion = 10.0.40219.1
Project("{FAE04EC0-301F-11D3-BF4B-00C04F79EFBC}") = "ListViewProcess", "ListViewProcess\ListViewProcess.csproj", "{D46EFB0B-97FE-4E66-A656-71B534AC9CA9}"
EndProject
Global
	GlobalSection(SolutionConfigurationPlatforms) = preSolution
		Debug|Any CPU = Debug|Any CPU
		Release|Any CPU = Release|Any CPU
	EndGlobalSection
	GlobalSection(ProjectConfigurationPlatforms) = postSolution
		{D46EFB0B-97FE-4E66-A656-71B534AC9CA9}.Debug|Any CPU.ActiveCfg = Debug|Any CPU
		{D46EFB0B-97FE-4E66-A656-71B534AC9CA9}.Debug|Any CPU.Build.0 = Debug|Any CPU
		{D46EFB0B-97FE-4E66-A656-71B534AC9CA9}.Release|Any CPU.ActiveCfg = Release|Any CPU
		{D46EFB0B-97FE-4E66-A656-71B534AC9CA9}.Release|Any CPU.Build.0 = Release|Any CPU
	EndGlobalSection
	GlobalSection(SolutionProperties) = preSolution
		HideSolutionNode = FALSE
	EndGlobalSection
	GlobalSection(ExtensibilityGlobals) = postSolution
		SolutionGuid = {FE6529BB-CDF3-4727-B63A-BBA548819055}
	EndGlobalSection
EndGlobal
