
Microsoft Visual Studio Solution File, Format Version 12.00
# Visual Studio Version 17
VisualStudioVersion = 17.7.34031.279
MinimumVisualStudioVersion = 10.0.40219.1
Project("{FAE04EC0-301F-11D3-BF4B-00C04F79EFBC}") = "DataGrid", "DataGrid\DataGrid.csproj", "{450C74EB-81FF-405E-9C80-72DD5030E13C}"
EndProject
Global
	GlobalSection(SolutionConfigurationPlatforms) = preSolution
		Debug|Any CPU = Debug|Any CPU
		Release|Any CPU = Release|Any CPU
	EndGlobalSection
	GlobalSection(ProjectConfigurationPlatforms) = postSolution
		{450C74EB-81FF-405E-9C80-72DD5030E13C}.Debug|Any CPU.ActiveCfg = Debug|Any CPU
		{450C74EB-81FF-405E-9C80-72DD5030E13C}.Debug|Any CPU.Build.0 = Debug|Any CPU
		{450C74EB-81FF-405E-9C80-72DD5030E13C}.Release|Any CPU.ActiveCfg = Release|Any CPU
		{450C74EB-81FF-405E-9C80-72DD5030E13C}.Release|Any CPU.Build.0 = Release|Any CPU
	EndGlobalSection
	GlobalSection(SolutionProperties) = preSolution
		HideSolutionNode = FALSE
	EndGlobalSection
	GlobalSection(ExtensibilityGlobals) = postSolution
		SolutionGuid = {B9C64AB3-0B3D-48E9-861E-B62A3F8C78C4}
	EndGlobalSection
EndGlobal
